
Microsoft Visual Studio Solution File, Format Version 12.00
# Visual Studio Version 16
VisualStudioVersion = 16.0.31424.327
MinimumVisualStudioVersion = 10.0.40219.1
Project("{FAE04EC0-301F-11D3-BF4B-00C04F79EFBC}") = "Form_02", "Form_02\Form_02.csproj", "{C06BCCA6-CB5D-4518-A52E-6A75FE2830E5}"
EndProject
Global
	GlobalSection(SolutionConfigurationPlatforms) = preSolution
		Debug|Any CPU = Debug|Any CPU
		Release|Any CPU = Release|Any CPU
	EndGlobalSection
	GlobalSection(ProjectConfigurationPlatforms) = postSolution
		{C06BCCA6-CB5D-4518-A52E-6A75FE2830E5}.Debug|Any CPU.ActiveCfg = Debug|Any CPU
		{C06BCCA6-CB5D-4518-A52E-6A75FE2830E5}.Debug|Any CPU.Build.0 = Debug|Any CPU
		{C06BCCA6-CB5D-4518-A52E-6A75FE2830E5}.Release|Any CPU.ActiveCfg = Release|Any CPU
		{C06BCCA6-CB5D-4518-A52E-6A75FE2830E5}.Release|Any CPU.Build.0 = Release|Any CPU
	EndGlobalSection
	GlobalSection(SolutionProperties) = preSolution
		HideSolutionNode = FALSE
	EndGlobalSection
	GlobalSection(ExtensibilityGlobals) = postSolution
		SolutionGuid = {65F3B3E6-1947-4657-9E3F-9D60C67853E1}
	EndGlobalSection
EndGlobal
